
Microsoft Visual Studio Solution File, Format Version 12.00
# Visual Studio Version 17
VisualStudioVersion = 17.6.33829.357
MinimumVisualStudioVersion = 10.0.40219.1
Project("{FAE04EC0-301F-11D3-BF4B-00C04F79EFBC}") = "businessLayer", "businessLayer\businessLayer.csproj", "{61BBA743-D35C-436E-B791-1B4FC5922646}"
EndProject
Project("{FAE04EC0-301F-11D3-BF4B-00C04F79EFBC}") = "dataLayer", "dataLayer\dataLayer.csproj", "{1D3EB61A-A1AE-41B0-9BD5-CF739850BF12}"
EndProject
Project("{FAE04EC0-301F-11D3-BF4B-00C04F79EFBC}") = "QLTL", "QLTL\QLTL.csproj", "{92243D77-8E0F-4947-9878-747A511E422A}"
EndProject
Global
	GlobalSection(SolutionConfigurationPlatforms) = preSolution
		Debug|Any CPU = Debug|Any CPU
		Release|Any CPU = Release|Any CPU
	EndGlobalSection
	GlobalSection(ProjectConfigurationPlatforms) = postSolution
		{61BBA743-D35C-436E-B791-1B4FC5922646}.Debug|Any CPU.ActiveCfg = Debug|Any CPU
		{61BBA743-D35C-436E-B791-1B4FC5922646}.Debug|Any CPU.Build.0 = Debug|Any CPU
		{61BBA743-D35C-436E-B791-1B4FC5922646}.Release|Any CPU.ActiveCfg = Release|Any CPU
		{61BBA743-D35C-436E-B791-1B4FC5922646}.Release|Any CPU.Build.0 = Release|Any CPU
		{1D3EB61A-A1AE-41B0-9BD5-CF739850BF12}.Debug|Any CPU.ActiveCfg = Debug|Any CPU
		{1D3EB61A-A1AE-41B0-9BD5-CF739850BF12}.Debug|Any CPU.Build.0 = Debug|Any CPU
		{1D3EB61A-A1AE-41B0-9BD5-CF739850BF12}.Release|Any CPU.ActiveCfg = Release|Any CPU
		{1D3EB61A-A1AE-41B0-9BD5-CF739850BF12}.Release|Any CPU.Build.0 = Release|Any CPU
		{92243D77-8E0F-4947-9878-747A511E422A}.Debug|Any CPU.ActiveCfg = Debug|Any CPU
		{92243D77-8E0F-4947-9878-747A511E422A}.Debug|Any CPU.Build.0 = Debug|Any CPU
		{92243D77-8E0F-4947-9878-747A511E422A}.Release|Any CPU.ActiveCfg = Release|Any CPU
		{92243D77-8E0F-4947-9878-747A511E422A}.Release|Any CPU.Build.0 = Release|Any CPU
	EndGlobalSection
	GlobalSection(SolutionProperties) = preSolution
		HideSolutionNode = FALSE
	EndGlobalSection
	GlobalSection(ExtensibilityGlobals) = postSolution
		SolutionGuid = {9099029C-25DC-428C-9952-41613405D26E}
	EndGlobalSection
EndGlobal
